
Microsoft Visual Studio Solution File, Format Version 12.00
Project("{FAE04EC0-301F-11D3-BF4B-00C04F79EFBC}") = "EncapsulationTrainin", "EncapsulationTrainin\EncapsulationTrainin.csproj", "{36C4AAE6-1663-4FBB-8578-AAF00A57CCFB}"
EndProject
Global
	GlobalSection(SolutionConfigurationPlatforms) = preSolution
		Debug|Any CPU = Debug|Any CPU
		Release|Any CPU = Release|Any CPU
	EndGlobalSection
	GlobalSection(ProjectConfigurationPlatforms) = postSolution
		{36C4AAE6-1663-4FBB-8578-AAF00A57CCFB}.Debug|Any CPU.ActiveCfg = Debug|Any CPU
		{36C4AAE6-1663-4FBB-8578-AAF00A57CCFB}.Debug|Any CPU.Build.0 = Debug|Any CPU
		{36C4AAE6-1663-4FBB-8578-AAF00A57CCFB}.Release|Any CPU.ActiveCfg = Release|Any CPU
		{36C4AAE6-1663-4FBB-8578-AAF00A57CCFB}.Release|Any CPU.Build.0 = Release|Any CPU
	EndGlobalSection
EndGlobal
